
Microsoft Visual Studio Solution File, Format Version 12.00
# Visual Studio Version 17
VisualStudioVersion = 17.4.33103.184
MinimumVisualStudioVersion = 10.0.40219.1
Project("{9A19103F-16F7-4668-BE54-9A1E7A4F7556}") = "AuthSystem", "AuthSystem\AuthSystem.csproj", "{BF28ED2E-4CE3-490D-9990-E29EB281D48B}"
EndProject
Project("{2150E333-8FDC-42A3-9474-1A3956D46DE8}") = "Solution Items", "Solution Items", "{90AF149A-A754-4F83-A567-A5804C36BF5B}"
	ProjectSection(SolutionItems) = preProject
		.editorconfig = .editorconfig
	EndProjectSection
EndProject
Global
	GlobalSection(SolutionConfigurationPlatforms) = preSolution
		Debug|Any CPU = Debug|Any CPU
		Release|Any CPU = Release|Any CPU
	EndGlobalSection
	GlobalSection(ProjectConfigurationPlatforms) = postSolution
		{BF28ED2E-4CE3-490D-9990-E29EB281D48B}.Debug|Any CPU.ActiveCfg = Debug|Any CPU
		{BF28ED2E-4CE3-490D-9990-E29EB281D48B}.Debug|Any CPU.Build.0 = Debug|Any CPU
		{BF28ED2E-4CE3-490D-9990-E29EB281D48B}.Release|Any CPU.ActiveCfg = Release|Any CPU
		{BF28ED2E-4CE3-490D-9990-E29EB281D48B}.Release|Any CPU.Build.0 = Release|Any CPU
	EndGlobalSection
	GlobalSection(SolutionProperties) = preSolution
		HideSolutionNode = FALSE
	EndGlobalSection
	GlobalSection(ExtensibilityGlobals) = postSolution
		SolutionGuid = {89542F37-8A78-4059-9753-0F768FB1306A}
	EndGlobalSection
EndGlobal
